
Microsoft Visual Studio Solution File, Format Version 12.00
# Visual Studio Version 16
VisualStudioVersion = 16.0.31829.152
MinimumVisualStudioVersion = 10.0.40219.1
Project("{2150E333-8FDC-42A3-9474-1A3956D46DE8}") = "Library", "Library", "{9D5F4E11-2390-46E0-9F14-2BD637A31519}"
EndProject
Project("{2150E333-8FDC-42A3-9474-1A3956D46DE8}") = "Services", "Services", "{52B3D619-6027-4644-AF39-514E86205C83}"
EndProject
Project("{9A19103F-16F7-4668-BE54-9A1E7A4F7556}") = "RiseConsulting.Directory.Core", "Library\RiseConsulting.Directory.Core\RiseConsulting.Directory.Core.csproj", "{2A631F1C-3596-4B60-B11A-7D176E13096E}"
EndProject
Project("{9A19103F-16F7-4668-BE54-9A1E7A4F7556}") = "RiseConsulting.Directory.Data", "Library\RiseConsulting.Directory.Data\RiseConsulting.Directory.Data.csproj", "{A05A615E-F449-4E2B-9452-13BC48444F9C}"
EndProject
Project("{9A19103F-16F7-4668-BE54-9A1E7A4F7556}") = "RiseConsulting.Directory.Entities", "Library\RiseConsulting.Directory.Entities\RiseConsulting.Directory.Entities.csproj", "{8A0F13C1-B7B2-4D44-B5A2-9C031296B93F}"
EndProject
Project("{9A19103F-16F7-4668-BE54-9A1E7A4F7556}") = "RiseConsulting.Directory.Repository", "Library\RiseConsulting.Directory.Repository\RiseConsulting.Directory.Repository.csproj", "{F8C22A75-FD3A-4B82-81AE-A7613D195322}"
EndProject
Project("{9A19103F-16F7-4668-BE54-9A1E7A4F7556}") = "RiseConsulting.Directory.CommunicationInformationService", "Services\RiseConsulting.Directory.CommunicationInformationService\RiseConsulting.Directory.CommunicationInformationService.csproj", "{CBFC8803-0783-425D-AD7C-11559A66BC43}"
EndProject
Project("{9A19103F-16F7-4668-BE54-9A1E7A4F7556}") = "RiseConsulting.Directory.CompanyService", "Services\RiseConsulting.Directory.CompanyService\RiseConsulting.Directory.CompanyService.csproj", "{6FAD7A5D-CE77-464A-A769-C32C91E8A9C0}"
EndProject
Project("{9A19103F-16F7-4668-BE54-9A1E7A4F7556}") = "RiseConsulting.Directory.UserService", "Services\RiseConsulting.Directory.UserService\RiseConsulting.Directory.UserService.csproj", "{7B45C7AF-5A60-4C66-BDD9-984F992298BE}"
EndProject
Project("{9A19103F-16F7-4668-BE54-9A1E7A4F7556}") = "RiseConsulting.Directory.ApiGateway", "RiseConsulting.Directory.ApiGateway\RiseConsulting.Directory.ApiGateway.csproj", "{53394BA2-FA4F-4A99-AB7E-26CB91BC6EF6}"
EndProject
Project("{9A19103F-16F7-4668-BE54-9A1E7A4F7556}") = "RiseConsulting.Directory.CommunicationInformationApi", "RiseConsulting.Directory.CommunicationInformationApi\RiseConsulting.Directory.CommunicationInformationApi.csproj", "{0F5C27A2-6D46-4E8D-B660-D721E93BAE35}"
EndProject
Project("{9A19103F-16F7-4668-BE54-9A1E7A4F7556}") = "RiseConsulting.Directory.CompanyApi", "RiseConsulting.Directory.CompanyApi\RiseConsulting.Directory.CompanyApi.csproj", "{C0407F7C-F1DA-4267-A5E4-DBAE9A476DA6}"
EndProject
Project("{9A19103F-16F7-4668-BE54-9A1E7A4F7556}") = "RiseConsulting.Directory.DirectoryUsersApi", "RiseConsulting.Directory.DirectoryUsersApi\RiseConsulting.Directory.DirectoryUsersApi.csproj", "{3ADC26AE-3181-4B90-8E49-43F19BBA189A}"
EndProject
Project("{9A19103F-16F7-4668-BE54-9A1E7A4F7556}") = "RiseConsulting.Directory.DirectoryUsersService", "Services\RiseConsulting.Directory.DirectoryUsersService\RiseConsulting.Directory.DirectoryUsersService.csproj", "{FAD7CC09-FC93-48BF-B9F2-F66C07992CC7}"
EndProject
Project("{9A19103F-16F7-4668-BE54-9A1E7A4F7556}") = "RiseConsulting.Directory.ReportApi", "RiseConsulting.Directory.ReportApi\RiseConsulting.Directory.ReportApi.csproj", "{00048320-9140-4C7B-86DC-F88D699DB9E2}"
EndProject
Project("{9A19103F-16F7-4668-BE54-9A1E7A4F7556}") = "RiseConsulting.Directory.ReportService", "Services\RiseConsulting.Directory.ReportService\RiseConsulting.Directory.ReportService.csproj", "{CEDBB604-D372-44A1-904F-BD655D6CD859}"
EndProject
Project("{2150E333-8FDC-42A3-9474-1A3956D46DE8}") = "tests", "tests", "{0E5A32AD-410D-48A8-99A7-7E78D7A9E3AB}"
EndProject
Project("{2150E333-8FDC-42A3-9474-1A3956D46DE8}") = "UnitTests", "UnitTests", "{FDF8D612-D453-4F37-9B9E-F830D9D928EB}"
EndProject
Project("{9A19103F-16F7-4668-BE54-9A1E7A4F7556}") = "RiseConsulting.Directory.ReportApiTest", "tests\UnitTests\RiseConsulting.Directory.ReportApiTest\RiseConsulting.Directory.ReportApiTest.csproj", "{4BC02086-2935-4850-8F84-10D7B7DEF3B9}"
EndProject
Project("{9A19103F-16F7-4668-BE54-9A1E7A4F7556}") = "RiseConsulting.Directory.CompanyApiTest", "tests\UnitTests\RiseConsulting.Directory.CompanyApiTest\RiseConsulting.Directory.CompanyApiTest\RiseConsulting.Directory.CompanyApiTest.csproj", "{BFA65523-75A1-4F89-9C15-9885FFBB34B7}"
EndProject
Project("{FAE04EC0-301F-11D3-BF4B-00C04F79EFBC}") = "RiseConsulting.Directory.CommunicationInformationApiTest", "tests\UnitTests\RiseConsulting.Directory.CommunicationInformationApiTest\RiseConsulting.Directory.CommunicationInformationApiTest.csproj", "{564C8E43-54A5-4E02-BB32-8474BAE01295}"
EndProject
Project("{FAE04EC0-301F-11D3-BF4B-00C04F79EFBC}") = "RiseConsulting.Directory.DirectoryUsersApiTest", "tests\UnitTests\RiseConsulting.Directory.DirectoryUsersApiTest\RiseConsulting.Directory.DirectoryUsersApiTest.csproj", "{92675EC5-9D48-4652-8425-852C5134F818}"
EndProject
Project("{2150E333-8FDC-42A3-9474-1A3956D46DE8}") = "Services", "Services", "{82388C77-EC1D-49CC-8796-2A1FC59A1312}"
EndProject
Project("{FAE04EC0-301F-11D3-BF4B-00C04F79EFBC}") = "RiseConsulting.Directory.UserService.Test", "tests\UnitTests\Services\RiseConsulting.Directory.UserService.Test\RiseConsulting.Directory.UserService.Test.csproj", "{6B4B981A-4DEB-442F-975B-47DDEA48DB99}"
EndProject
Project("{FAE04EC0-301F-11D3-BF4B-00C04F79EFBC}") = "RiseConsulting.Directory.ReportService.Test", "tests\UnitTests\Services\RiseConsulting.Directory.ReportService.Test\RiseConsulting.Directory.ReportService.Test.csproj", "{9741F115-EB37-4935-8677-79F795661146}"
EndProject
Project("{FAE04EC0-301F-11D3-BF4B-00C04F79EFBC}") = "RiseConsulting.Directory.DirectoryUsersService.Test", "tests\UnitTests\Services\RiseConsulting.Directory.DirectoryUsersService.Test\RiseConsulting.Directory.DirectoryUsersService.Test.csproj", "{89B6011D-2393-42B5-A629-04565633861E}"
EndProject
Project("{FAE04EC0-301F-11D3-BF4B-00C04F79EFBC}") = "RiseConsulting.Directory.CompanyService.Test", "tests\UnitTests\Services\RiseConsulting.Directory.CompanyService.Test\RiseConsulting.Directory.CompanyService.Test.csproj", "{B78C8827-6E98-484E-AC4D-28FCC77CA5EE}"
EndProject
Global
	GlobalSection(SolutionConfigurationPlatforms) = preSolution
		Debug|Any CPU = Debug|Any CPU
		Release|Any CPU = Release|Any CPU
	EndGlobalSection
	GlobalSection(ProjectConfigurationPlatforms) = postSolution
		{2A631F1C-3596-4B60-B11A-7D176E13096E}.Debug|Any CPU.ActiveCfg = Debug|Any CPU
		{2A631F1C-3596-4B60-B11A-7D176E13096E}.Debug|Any CPU.Build.0 = Debug|Any CPU
		{2A631F1C-3596-4B60-B11A-7D176E13096E}.Release|Any CPU.ActiveCfg = Release|Any CPU
		{2A631F1C-3596-4B60-B11A-7D176E13096E}.Release|Any CPU.Build.0 = Release|Any CPU
		{A05A615E-F449-4E2B-9452-13BC48444F9C}.Debug|Any CPU.ActiveCfg = Debug|Any CPU
		{A05A615E-F449-4E2B-9452-13BC48444F9C}.Debug|Any CPU.Build.0 = Debug|Any CPU
		{A05A615E-F449-4E2B-9452-13BC48444F9C}.Release|Any CPU.ActiveCfg = Release|Any CPU
		{A05A615E-F449-4E2B-9452-13BC48444F9C}.Release|Any CPU.Build.0 = Release|Any CPU
		{8A0F13C1-B7B2-4D44-B5A2-9C031296B93F}.Debug|Any CPU.ActiveCfg = Debug|Any CPU
		{8A0F13C1-B7B2-4D44-B5A2-9C031296B93F}.Debug|Any CPU.Build.0 = Debug|Any CPU
		{8A0F13C1-B7B2-4D44-B5A2-9C031296B93F}.Release|Any CPU.ActiveCfg = Release|Any CPU
		{8A0F13C1-B7B2-4D44-B5A2-9C031296B93F}.Release|Any CPU.Build.0 = Release|Any CPU
		{F8C22A75-FD3A-4B82-81AE-A7613D195322}.Debug|Any CPU.ActiveCfg = Debug|Any CPU
		{F8C22A75-FD3A-4B82-81AE-A7613D195322}.Debug|Any CPU.Build.0 = Debug|Any CPU
		{F8C22A75-FD3A-4B82-81AE-A7613D195322}.Release|Any CPU.ActiveCfg = Release|Any CPU
		{F8C22A75-FD3A-4B82-81AE-A7613D195322}.Release|Any CPU.Build.0 = Release|Any CPU
		{CBFC8803-0783-425D-AD7C-11559A66BC43}.Debug|Any CPU.ActiveCfg = Debug|Any CPU
		{CBFC8803-0783-425D-AD7C-11559A66BC43}.Debug|Any CPU.Build.0 = Debug|Any CPU
		{CBFC8803-0783-425D-AD7C-11559A66BC43}.Release|Any CPU.ActiveCfg = Release|Any CPU
		{CBFC8803-0783-425D-AD7C-11559A66BC43}.Release|Any CPU.Build.0 = Release|Any CPU
		{6FAD7A5D-CE77-464A-A769-C32C91E8A9C0}.Debug|Any CPU.ActiveCfg = Debug|Any CPU
		{6FAD7A5D-CE77-464A-A769-C32C91E8A9C0}.Debug|Any CPU.Build.0 = Debug|Any CPU
		{6FAD7A5D-CE77-464A-A769-C32C91E8A9C0}.Release|Any CPU.ActiveCfg = Release|Any CPU
		{6FAD7A5D-CE77-464A-A769-C32C91E8A9C0}.Release|Any CPU.Build.0 = Release|Any CPU
		{7B45C7AF-5A60-4C66-BDD9-984F992298BE}.Debug|Any CPU.ActiveCfg = Debug|Any CPU
		{7B45C7AF-5A60-4C66-BDD9-984F992298BE}.Debug|Any CPU.Build.0 = Debug|Any CPU
		{7B45C7AF-5A60-4C66-BDD9-984F992298BE}.Release|Any CPU.ActiveCfg = Release|Any CPU
		{7B45C7AF-5A60-4C66-BDD9-984F992298BE}.Release|Any CPU.Build.0 = Release|Any CPU
		{53394BA2-FA4F-4A99-AB7E-26CB91BC6EF6}.Debug|Any CPU.ActiveCfg = Debug|Any CPU
		{53394BA2-FA4F-4A99-AB7E-26CB91BC6EF6}.Debug|Any CPU.Build.0 = Debug|Any CPU
		{53394BA2-FA4F-4A99-AB7E-26CB91BC6EF6}.Release|Any CPU.ActiveCfg = Release|Any CPU
		{53394BA2-FA4F-4A99-AB7E-26CB91BC6EF6}.Release|Any CPU.Build.0 = Release|Any CPU
		{0F5C27A2-6D46-4E8D-B660-D721E93BAE35}.Debug|Any CPU.ActiveCfg = Debug|Any CPU
		{0F5C27A2-6D46-4E8D-B660-D721E93BAE35}.Debug|Any CPU.Build.0 = Debug|Any CPU
		{0F5C27A2-6D46-4E8D-B660-D721E93BAE35}.Release|Any CPU.ActiveCfg = Release|Any CPU
		{0F5C27A2-6D46-4E8D-B660-D721E93BAE35}.Release|Any CPU.Build.0 = Release|Any CPU
		{C0407F7C-F1DA-4267-A5E4-DBAE9A476DA6}.Debug|Any CPU.ActiveCfg = Debug|Any CPU
		{C0407F7C-F1DA-4267-A5E4-DBAE9A476DA6}.Debug|Any CPU.Build.0 = Debug|Any CPU
		{C0407F7C-F1DA-4267-A5E4-DBAE9A476DA6}.Release|Any CPU.ActiveCfg = Release|Any CPU
		{C0407F7C-F1DA-4267-A5E4-DBAE9A476DA6}.Release|Any CPU.Build.0 = Release|Any CPU
		{3ADC26AE-3181-4B90-8E49-43F19BBA189A}.Debug|Any CPU.ActiveCfg = Debug|Any CPU
		{3ADC26AE-3181-4B90-8E49-43F19BBA189A}.Debug|Any CPU.Build.0 = Debug|Any CPU
		{3ADC26AE-3181-4B90-8E49-43F19BBA189A}.Release|Any CPU.ActiveCfg = Release|Any CPU
		{3ADC26AE-3181-4B90-8E49-43F19BBA189A}.Release|Any CPU.Build.0 = Release|Any CPU
		{FAD7CC09-FC93-48BF-B9F2-F66C07992CC7}.Debug|Any CPU.ActiveCfg = Debug|Any CPU
		{FAD7CC09-FC93-48BF-B9F2-F66C07992CC7}.Debug|Any CPU.Build.0 = Debug|Any CPU
		{FAD7CC09-FC93-48BF-B9F2-F66C07992CC7}.Release|Any CPU.ActiveCfg = Release|Any CPU
		{FAD7CC09-FC93-48BF-B9F2-F66C07992CC7}.Release|Any CPU.Build.0 = Release|Any CPU
		{00048320-9140-4C7B-86DC-F88D699DB9E2}.Debug|Any CPU.ActiveCfg = Debug|Any CPU
		{00048320-9140-4C7B-86DC-F88D699DB9E2}.Debug|Any CPU.Build.0 = Debug|Any CPU
		{00048320-9140-4C7B-86DC-F88D699DB9E2}.Release|Any CPU.ActiveCfg = Release|Any CPU
		{00048320-9140-4C7B-86DC-F88D699DB9E2}.Release|Any CPU.Build.0 = Release|Any CPU
		{CEDBB604-D372-44A1-904F-BD655D6CD859}.Debug|Any CPU.ActiveCfg = Debug|Any CPU
		{CEDBB604-D372-44A1-904F-BD655D6CD859}.Debug|Any CPU.Build.0 = Debug|Any CPU
		{CEDBB604-D372-44A1-904F-BD655D6CD859}.Release|Any CPU.ActiveCfg = Release|Any CPU
		{CEDBB604-D372-44A1-904F-BD655D6CD859}.Release|Any CPU.Build.0 = Release|Any CPU
		{4BC02086-2935-4850-8F84-10D7B7DEF3B9}.Debug|Any CPU.ActiveCfg = Debug|Any CPU
		{4BC02086-2935-4850-8F84-10D7B7DEF3B9}.Debug|Any CPU.Build.0 = Debug|Any CPU
		{4BC02086-2935-4850-8F84-10D7B7DEF3B9}.Release|Any CPU.ActiveCfg = Release|Any CPU
		{4BC02086-2935-4850-8F84-10D7B7DEF3B9}.Release|Any CPU.Build.0 = Release|Any CPU
		{BFA65523-75A1-4F89-9C15-9885FFBB34B7}.Debug|Any CPU.ActiveCfg = Debug|Any CPU
		{BFA65523-75A1-4F89-9C15-9885FFBB34B7}.Debug|Any CPU.Build.0 = Debug|Any CPU
		{BFA65523-75A1-4F89-9C15-9885FFBB34B7}.Release|Any CPU.ActiveCfg = Release|Any CPU
		{BFA65523-75A1-4F89-9C15-9885FFBB34B7}.Release|Any CPU.Build.0 = Release|Any CPU
		{564C8E43-54A5-4E02-BB32-8474BAE01295}.Debug|Any CPU.ActiveCfg = Debug|Any CPU
		{564C8E43-54A5-4E02-BB32-8474BAE01295}.Debug|Any CPU.Build.0 = Debug|Any CPU
		{564C8E43-54A5-4E02-BB32-8474BAE01295}.Release|Any CPU.ActiveCfg = Release|Any CPU
		{564C8E43-54A5-4E02-BB32-8474BAE01295}.Release|Any CPU.Build.0 = Release|Any CPU
		{92675EC5-9D48-4652-8425-852C5134F818}.Debug|Any CPU.ActiveCfg = Debug|Any CPU
		{92675EC5-9D48-4652-8425-852C5134F818}.Debug|Any CPU.Build.0 = Debug|Any CPU
		{92675EC5-9D48-4652-8425-852C5134F818}.Release|Any CPU.ActiveCfg = Release|Any CPU
		{92675EC5-9D48-4652-8425-852C5134F818}.Release|Any CPU.Build.0 = Release|Any CPU
		{6B4B981A-4DEB-442F-975B-47DDEA48DB99}.Debug|Any CPU.ActiveCfg = Debug|Any CPU
		{6B4B981A-4DEB-442F-975B-47DDEA48DB99}.Debug|Any CPU.Build.0 = Debug|Any CPU
		{6B4B981A-4DEB-442F-975B-47DDEA48DB99}.Release|Any CPU.ActiveCfg = Release|Any CPU
		{6B4B981A-4DEB-442F-975B-47DDEA48DB99}.Release|Any CPU.Build.0 = Release|Any CPU
		{9741F115-EB37-4935-8677-79F795661146}.Debug|Any CPU.ActiveCfg = Debug|Any CPU
		{9741F115-EB37-4935-8677-79F795661146}.Debug|Any CPU.Build.0 = Debug|Any CPU
		{9741F115-EB37-4935-8677-79F795661146}.Release|Any CPU.ActiveCfg = Release|Any CPU
		{9741F115-EB37-4935-8677-79F795661146}.Release|Any CPU.Build.0 = Release|Any CPU
		{89B6011D-2393-42B5-A629-04565633861E}.Debug|Any CPU.ActiveCfg = Debug|Any CPU
		{89B6011D-2393-42B5-A629-04565633861E}.Debug|Any CPU.Build.0 = Debug|Any CPU
		{89B6011D-2393-42B5-A629-04565633861E}.Release|Any CPU.ActiveCfg = Release|Any CPU
		{89B6011D-2393-42B5-A629-04565633861E}.Release|Any CPU.Build.0 = Release|Any CPU
		{B78C8827-6E98-484E-AC4D-28FCC77CA5EE}.Debug|Any CPU.ActiveCfg = Debug|Any CPU
		{B78C8827-6E98-484E-AC4D-28FCC77CA5EE}.Debug|Any CPU.Build.0 = Debug|Any CPU
		{B78C8827-6E98-484E-AC4D-28FCC77CA5EE}.Release|Any CPU.ActiveCfg = Release|Any CPU
		{B78C8827-6E98-484E-AC4D-28FCC77CA5EE}.Release|Any CPU.Build.0 = Release|Any CPU
	EndGlobalSection
	GlobalSection(SolutionProperties) = preSolution
		HideSolutionNode = FALSE
	EndGlobalSection
	GlobalSection(NestedProjects) = preSolution
		{2A631F1C-3596-4B60-B11A-7D176E13096E} = {9D5F4E11-2390-46E0-9F14-2BD637A31519}
		{A05A615E-F449-4E2B-9452-13BC48444F9C} = {9D5F4E11-2390-46E0-9F14-2BD637A31519}
		{8A0F13C1-B7B2-4D44-B5A2-9C031296B93F} = {9D5F4E11-2390-46E0-9F14-2BD637A31519}
		{F8C22A75-FD3A-4B82-81AE-A7613D195322} = {9D5F4E11-2390-46E0-9F14-2BD637A31519}
		{CBFC8803-0783-425D-AD7C-11559A66BC43} = {52B3D619-6027-4644-AF39-514E86205C83}
		{6FAD7A5D-CE77-464A-A769-C32C91E8A9C0} = {52B3D619-6027-4644-AF39-514E86205C83}
		{7B45C7AF-5A60-4C66-BDD9-984F992298BE} = {52B3D619-6027-4644-AF39-514E86205C83}
		{FAD7CC09-FC93-48BF-B9F2-F66C07992CC7} = {52B3D619-6027-4644-AF39-514E86205C83}
		{CEDBB604-D372-44A1-904F-BD655D6CD859} = {52B3D619-6027-4644-AF39-514E86205C83}
		{FDF8D612-D453-4F37-9B9E-F830D9D928EB} = {0E5A32AD-410D-48A8-99A7-7E78D7A9E3AB}
		{4BC02086-2935-4850-8F84-10D7B7DEF3B9} = {FDF8D612-D453-4F37-9B9E-F830D9D928EB}
		{BFA65523-75A1-4F89-9C15-9885FFBB34B7} = {FDF8D612-D453-4F37-9B9E-F830D9D928EB}
		{564C8E43-54A5-4E02-BB32-8474BAE01295} = {FDF8D612-D453-4F37-9B9E-F830D9D928EB}
		{92675EC5-9D48-4652-8425-852C5134F818} = {FDF8D612-D453-4F37-9B9E-F830D9D928EB}
		{82388C77-EC1D-49CC-8796-2A1FC59A1312} = {FDF8D612-D453-4F37-9B9E-F830D9D928EB}
		{6B4B981A-4DEB-442F-975B-47DDEA48DB99} = {82388C77-EC1D-49CC-8796-2A1FC59A1312}
		{9741F115-EB37-4935-8677-79F795661146} = {82388C77-EC1D-49CC-8796-2A1FC59A1312}
		{89B6011D-2393-42B5-A629-04565633861E} = {82388C77-EC1D-49CC-8796-2A1FC59A1312}
		{B78C8827-6E98-484E-AC4D-28FCC77CA5EE} = {82388C77-EC1D-49CC-8796-2A1FC59A1312}
	EndGlobalSection
	GlobalSection(ExtensibilityGlobals) = postSolution
		SolutionGuid = {8D170D37-24C2-4DBC-9CD3-972CAFFDE8F2}
	EndGlobalSection
EndGlobal
